
Microsoft Visual Studio Solution File, Format Version 12.00
# Visual Studio 15
VisualStudioVersion = 15.0.26430.12
MinimumVisualStudioVersion = 10.0.40219.1
Project("{FAE04EC0-301F-11D3-BF4B-00C04F79EFBC}") = "FBKA_v2", "FBKA_v2\FBKA_v2.csproj", "{602BD7CE-4B3A-48B5-9FA4-B2D45DA81796}"
EndProject
Global
	GlobalSection(SolutionConfigurationPlatforms) = preSolution
		AriTeste|Any CPU = AriTeste|Any CPU
		AriTeste|x64 = AriTeste|x64
		Debug|Any CPU = Debug|Any CPU
		Debug|x64 = Debug|x64
		Release|Any CPU = Release|Any CPU
		Release|x64 = Release|x64
	EndGlobalSection
	GlobalSection(ProjectConfigurationPlatforms) = postSolution
		{602BD7CE-4B3A-48B5-9FA4-B2D45DA81796}.AriTeste|Any CPU.ActiveCfg = Release|Any CPU
		{602BD7CE-4B3A-48B5-9FA4-B2D45DA81796}.AriTeste|Any CPU.Build.0 = Release|Any CPU
		{602BD7CE-4B3A-48B5-9FA4-B2D45DA81796}.AriTeste|x64.ActiveCfg = Release|Any CPU
		{602BD7CE-4B3A-48B5-9FA4-B2D45DA81796}.AriTeste|x64.Build.0 = Release|Any CPU
		{602BD7CE-4B3A-48B5-9FA4-B2D45DA81796}.Debug|Any CPU.ActiveCfg = Debug|Any CPU
		{602BD7CE-4B3A-48B5-9FA4-B2D45DA81796}.Debug|Any CPU.Build.0 = Debug|Any CPU
		{602BD7CE-4B3A-48B5-9FA4-B2D45DA81796}.Debug|x64.ActiveCfg = Debug|Any CPU
		{602BD7CE-4B3A-48B5-9FA4-B2D45DA81796}.Debug|x64.Build.0 = Debug|Any CPU
		{602BD7CE-4B3A-48B5-9FA4-B2D45DA81796}.Release|Any CPU.ActiveCfg = Release|Any CPU
		{602BD7CE-4B3A-48B5-9FA4-B2D45DA81796}.Release|Any CPU.Build.0 = Release|Any CPU
		{602BD7CE-4B3A-48B5-9FA4-B2D45DA81796}.Release|x64.ActiveCfg = Release|Any CPU
		{602BD7CE-4B3A-48B5-9FA4-B2D45DA81796}.Release|x64.Build.0 = Release|Any CPU
	EndGlobalSection
	GlobalSection(SolutionProperties) = preSolution
		HideSolutionNode = FALSE
	EndGlobalSection
EndGlobal
